
Microsoft Visual Studio Solution File, Format Version 12.00
# Visual Studio 15
VisualStudioVersion = 15.0.28307.329
MinimumVisualStudioVersion = 10.0.40219.1
Project("{FAE04EC0-301F-11D3-BF4B-00C04F79EFBC}") = "PNMS.Web.WebForms", "PNMS.Web.WebForms\PNMS.Web.WebForms.csproj", "{EF1746DE-9F39-4A04-B792-CD12537FB233}"
EndProject
Global
	GlobalSection(SolutionConfigurationPlatforms) = preSolution
		Debug|Any CPU = Debug|Any CPU
		Release|Any CPU = Release|Any CPU
	EndGlobalSection
	GlobalSection(ProjectConfigurationPlatforms) = postSolution
		{EF1746DE-9F39-4A04-B792-CD12537FB233}.Debug|Any CPU.ActiveCfg = Debug|Any CPU
		{EF1746DE-9F39-4A04-B792-CD12537FB233}.Debug|Any CPU.Build.0 = Debug|Any CPU
		{EF1746DE-9F39-4A04-B792-CD12537FB233}.Release|Any CPU.ActiveCfg = Release|Any CPU
		{EF1746DE-9F39-4A04-B792-CD12537FB233}.Release|Any CPU.Build.0 = Release|Any CPU
	EndGlobalSection
	GlobalSection(SolutionProperties) = preSolution
		HideSolutionNode = FALSE
	EndGlobalSection
	GlobalSection(ExtensibilityGlobals) = postSolution
		SolutionGuid = {0D771F4F-8FA9-4AEF-9050-793C75B0AF90}
	EndGlobalSection
EndGlobal
